
Microsoft Visual Studio Solution File, Format Version 11.00
# Visual Studio 2010
Project("{FAE04EC0-301F-11D3-BF4B-00C04F79EFBC}") = "Rocket-League", "Assembly-CSharp.csproj", "{FE2F3B1E-BCD0-318B-69BD-E6192F3CB550}"
EndProject
Global
	GlobalSection(SolutionConfigurationPlatforms) = preSolution
		Debug|Any CPU = Debug|Any CPU
		Release|Any CPU = Release|Any CPU
	EndGlobalSection
	GlobalSection(ProjectConfigurationPlatforms) = postSolution
		{FE2F3B1E-BCD0-318B-69BD-E6192F3CB550}.Debug|Any CPU.ActiveCfg = Debug|Any CPU
		{FE2F3B1E-BCD0-318B-69BD-E6192F3CB550}.Debug|Any CPU.Build.0 = Debug|Any CPU
		{FE2F3B1E-BCD0-318B-69BD-E6192F3CB550}.Release|Any CPU.ActiveCfg = Release|Any CPU
		{FE2F3B1E-BCD0-318B-69BD-E6192F3CB550}.Release|Any CPU.Build.0 = Release|Any CPU
	EndGlobalSection
	GlobalSection(SolutionProperties) = preSolution
		HideSolutionNode = FALSE
	EndGlobalSection
	GlobalSection(MonoDevelopProperties) = preSolution
		StartupItem = Assembly-CSharp.csproj
	EndGlobalSection
EndGlobal
